
Microsoft Visual Studio Solution File, Format Version 12.00
# Visual Studio Version 16
VisualStudioVersion = 16.0.29920.165
MinimumVisualStudioVersion = 10.0.40219.1
Project("{2150E333-8FDC-42A3-9474-1A3956D46DE8}") = "Libraries", "Libraries", "{C95CC162-F5D2-4ACA-AC7C-74CA2B46FFB8}"
EndProject
Project("{FAE04EC0-301F-11D3-BF4B-00C04F79EFBC}") = "Azure.WPF.Framework", "..\..\Libraries\Azure.WPF.Framework\Azure.WPF.Framework.csproj", "{3A6581B3-94D2-47D0-B4AF-E182D15EBBBE}"
EndProject
Project("{FAE04EC0-301F-11D3-BF4B-00C04F79EFBC}") = "Azure.Interfaces", "..\..\Libraries\Azure.Interfaces\Azure.Interfaces.csproj", "{0D4AA995-C390-421A-8A5B-8B1D2C492461}"
EndProject
Project("{FAE04EC0-301F-11D3-BF4B-00C04F79EFBC}") = "Azure.Image.Processing", "..\..\Libraries\Azure.Image.Processing\Azure.Image.Processing.csproj", "{AEB73D39-8F98-4B1E-83F9-B50477299774}"
EndProject
Project("{FAE04EC0-301F-11D3-BF4B-00C04F79EFBC}") = "Azure.Adorner", "..\..\Libraries\Azure.Adorner\Azure.Adorner.csproj", "{65B2E45C-A9DB-4ED6-B019-EEA698F1974C}"
EndProject
Project("{FAE04EC0-301F-11D3-BF4B-00C04F79EFBC}") = "Utilities", "..\..\Libraries\Azure.Utilities\Utilities.csproj", "{A357694B-37A2-40B4-8F3C-537F19675612}"
EndProject
Project("{FAE04EC0-301F-11D3-BF4B-00C04F79EFBC}") = "TaskDialog", "..\..\Libraries\TaskDialog\TaskDialog.csproj", "{37FD53F7-8A8F-4427-8FF4-6299E2933A7E}"
EndProject
Project("{FAE04EC0-301F-11D3-BF4B-00C04F79EFBC}") = "AvalonDock", "..\..\Libraries\AvalonDock\Version1.3\AvalonDock\AvalonDock.csproj", "{87E61430-4243-45F2-B74E-0A4C096CEBF3}"
EndProject
Project("{FAE04EC0-301F-11D3-BF4B-00C04F79EFBC}") = "AvalonDock.Themes", "..\..\Libraries\AvalonDock\Version1.3\AvalonDock.Themes\AvalonDock.Themes.csproj", "{3836F4A8-4B35-4F5E-BB0F-DAD374297525}"
EndProject
Project("{FAE04EC0-301F-11D3-BF4B-00C04F79EFBC}") = "AvalonDockMVVM", "..\..\Libraries\AvalonDock\Version1.3\AvalonDockMVVM\AvalonDockMVVM.csproj", "{482AD327-6622-412C-86FF-A6CC9D031626}"
EndProject
Project("{FAE04EC0-301F-11D3-BF4B-00C04F79EFBC}") = "Azure.CommandLib", "..\..\Libraries\Azure.CommandLib\Azure.CommandLib.csproj", "{7BBED9A3-66B6-4DC5-B7CB-349136274220}"
EndProject
Project("{FAE04EC0-301F-11D3-BF4B-00C04F79EFBC}") = "Azure.ImagingSystem", "..\..\Libraries\Azure.ImagingSystem\Azure.ImagingSystem.csproj", "{5AA78AAE-9A61-428B-9013-E741EC8828D8}"
EndProject
Project("{FAE04EC0-301F-11D3-BF4B-00C04F79EFBC}") = "Azure.IppImaging.NET", "..\..\Libraries\Azure.IppImaging.NET\Azure.IppImaging.NET.csproj", "{8C21D7B5-5648-4498-AACA-65D5A5CC208E}"
EndProject
Project("{FAE04EC0-301F-11D3-BF4B-00C04F79EFBC}") = "Azure.SettingsManager", "..\..\Libraries\Azure.SettingsManager\Azure.SettingsManager.csproj", "{C825F40A-D2AD-4F92-9E1D-3730870474DF}"
EndProject
Project("{FAE04EC0-301F-11D3-BF4B-00C04F79EFBC}") = "Azure.Avocado.EthernetCommLib", "..\..\Libraries\Azure.Avocado.EthernetCommLib\Azure.Avocado.EthernetCommLib.csproj", "{0AF5A167-A167-4640-AB2B-449DA14A5EFD}"
EndProject
Project("{FAE04EC0-301F-11D3-BF4B-00C04F79EFBC}") = "Azure.CommunicationLib", "..\..\Libraries\Azure.CommunicationLib\Azure.CommunicationLib.csproj", "{F09D6BA6-E4A3-4510-A203-9684598036BE}"
EndProject
Project("{FAE04EC0-301F-11D3-BF4B-00C04F79EFBC}") = "Azure.Avocado.AnalogDevices", "..\..\Libraries\Azure.Avocado.AnalogDevices\Azure.Avocado.AnalogDevices.csproj", "{8F505DC6-8248-4F03-A874-510D7D824D0E}"
EndProject
Project("{FAE04EC0-301F-11D3-BF4B-00C04F79EFBC}") = "Azure.Avocado.MotionLib", "..\..\Libraries\Azure.Avocado.MotionLib\Azure.Avocado.MotionLib.csproj", "{AB4C0C04-7117-4A82-83BB-EC2527F1E112}"
EndProject
Project("{FAE04EC0-301F-11D3-BF4B-00C04F79EFBC}") = "LogW", "..\..\Libraries\LogW\LogW.csproj", "{80CF7587-57C5-42F9-BD7F-D5B1E69A36B6}"
EndProject
Project("{FAE04EC0-301F-11D3-BF4B-00C04F79EFBC}") = "Azure.Avocado.FwUpgrader", "..\Azure.Avocado.FwUpgrader\Azure.Avocado.FwUpgrader.csproj", "{30332B35-9BA2-4ADC-BED4-299D992F9F09}"
EndProject
Project("{FAE04EC0-301F-11D3-BF4B-00C04F79EFBC}") = "Azure.Avocado.FwUpgradeLIb", "..\..\Libraries\Azure.Avocado.FwUpgradeLIb\Azure.Avocado.FwUpgradeLIb.csproj", "{C1E2C69A-94B3-4F48-B0DC-78EE7AB16C59}"
EndProject
Project("{FAE04EC0-301F-11D3-BF4B-00C04F79EFBC}") = "RotatProcess", "..\..\Libraries\Rotat\RotatProcess.csproj", "{BD16F3F9-EC85-4111-8DB5-EC9D7DEF764B}"
EndProject
Project("{FAE04EC0-301F-11D3-BF4B-00C04F79EFBC}") = "Components", "..\..\Libraries\GIF.Components\Components.csproj", "{1C3A03CA-5E55-4CC4-9746-194A4188960A}"
EndProject
Project("{FAE04EC0-301F-11D3-BF4B-00C04F79EFBC}") = "Azure.APDCalibrationBench", "..\..\Libraries\Azure.APDCalibrationBench\Azure.APDCalibrationBench.csproj", "{16B9C295-6B3A-4E4F-996A-5149A15632D6}"
EndProject
Project("{FAE04EC0-301F-11D3-BF4B-00C04F79EFBC}") = "Hywire.DataProcessing", "..\..\Libraries\Hywire.DataProcessing.Methods\Hywire.DataProcessing.csproj", "{A7AFA538-9C06-475B-BE31-3931BE9258A5}"
EndProject
Project("{FAE04EC0-301F-11D3-BF4B-00C04F79EFBC}") = "Azure.ScannerTestJig", "..\Azure.ScannerTestJig\Azure.ScannerTestJig.csproj", "{30962CD2-EEB1-4646-9529-EDCC0A1477D5}"
EndProject
Project("{FAE04EC0-301F-11D3-BF4B-00C04F79EFBC}") = "Azure.ScannerEUIOld", "..\Azure.ScannerEUIOld\Azure.ScannerEUIOld.csproj", "{B1BE89FB-8831-4942-88F2-0FED17A8FCEE}"
EndProject
Global
	GlobalSection(SolutionConfigurationPlatforms) = preSolution
		Debug|Any CPU = Debug|Any CPU
		Debug|x64 = Debug|x64
		Debug|x86 = Debug|x86
		Release|Any CPU = Release|Any CPU
		Release|x64 = Release|x64
		Release|x86 = Release|x86
	EndGlobalSection
	GlobalSection(ProjectConfigurationPlatforms) = postSolution
		{3A6581B3-94D2-47D0-B4AF-E182D15EBBBE}.Debug|Any CPU.ActiveCfg = Debug|Any CPU
		{3A6581B3-94D2-47D0-B4AF-E182D15EBBBE}.Debug|Any CPU.Build.0 = Debug|Any CPU
		{3A6581B3-94D2-47D0-B4AF-E182D15EBBBE}.Debug|x64.ActiveCfg = Debug|x64
		{3A6581B3-94D2-47D0-B4AF-E182D15EBBBE}.Debug|x64.Build.0 = Debug|x64
		{3A6581B3-94D2-47D0-B4AF-E182D15EBBBE}.Debug|x86.ActiveCfg = Debug|Any CPU
		{3A6581B3-94D2-47D0-B4AF-E182D15EBBBE}.Debug|x86.Build.0 = Debug|Any CPU
		{3A6581B3-94D2-47D0-B4AF-E182D15EBBBE}.Release|Any CPU.ActiveCfg = Release|Any CPU
		{3A6581B3-94D2-47D0-B4AF-E182D15EBBBE}.Release|Any CPU.Build.0 = Release|Any CPU
		{3A6581B3-94D2-47D0-B4AF-E182D15EBBBE}.Release|x64.ActiveCfg = Release|x64
		{3A6581B3-94D2-47D0-B4AF-E182D15EBBBE}.Release|x64.Build.0 = Release|x64
		{3A6581B3-94D2-47D0-B4AF-E182D15EBBBE}.Release|x86.ActiveCfg = Release|Any CPU
		{3A6581B3-94D2-47D0-B4AF-E182D15EBBBE}.Release|x86.Build.0 = Release|Any CPU
		{0D4AA995-C390-421A-8A5B-8B1D2C492461}.Debug|Any CPU.ActiveCfg = Debug|Any CPU
		{0D4AA995-C390-421A-8A5B-8B1D2C492461}.Debug|Any CPU.Build.0 = Debug|Any CPU
		{0D4AA995-C390-421A-8A5B-8B1D2C492461}.Debug|x64.ActiveCfg = Debug|x64
		{0D4AA995-C390-421A-8A5B-8B1D2C492461}.Debug|x64.Build.0 = Debug|x64
		{0D4AA995-C390-421A-8A5B-8B1D2C492461}.Debug|x86.ActiveCfg = Debug|Any CPU
		{0D4AA995-C390-421A-8A5B-8B1D2C492461}.Debug|x86.Build.0 = Debug|Any CPU
		{0D4AA995-C390-421A-8A5B-8B1D2C492461}.Release|Any CPU.ActiveCfg = Release|Any CPU
		{0D4AA995-C390-421A-8A5B-8B1D2C492461}.Release|Any CPU.Build.0 = Release|Any CPU
		{0D4AA995-C390-421A-8A5B-8B1D2C492461}.Release|x64.ActiveCfg = Release|x64
		{0D4AA995-C390-421A-8A5B-8B1D2C492461}.Release|x64.Build.0 = Release|x64
		{0D4AA995-C390-421A-8A5B-8B1D2C492461}.Release|x86.ActiveCfg = Release|Any CPU
		{0D4AA995-C390-421A-8A5B-8B1D2C492461}.Release|x86.Build.0 = Release|Any CPU
		{AEB73D39-8F98-4B1E-83F9-B50477299774}.Debug|Any CPU.ActiveCfg = Debug|Any CPU
		{AEB73D39-8F98-4B1E-83F9-B50477299774}.Debug|Any CPU.Build.0 = Debug|Any CPU
		{AEB73D39-8F98-4B1E-83F9-B50477299774}.Debug|x64.ActiveCfg = Debug|x64
		{AEB73D39-8F98-4B1E-83F9-B50477299774}.Debug|x64.Build.0 = Debug|x64
		{AEB73D39-8F98-4B1E-83F9-B50477299774}.Debug|x86.ActiveCfg = Debug|Any CPU
		{AEB73D39-8F98-4B1E-83F9-B50477299774}.Debug|x86.Build.0 = Debug|Any CPU
		{AEB73D39-8F98-4B1E-83F9-B50477299774}.Release|Any CPU.ActiveCfg = Release|Any CPU
		{AEB73D39-8F98-4B1E-83F9-B50477299774}.Release|Any CPU.Build.0 = Release|Any CPU
		{AEB73D39-8F98-4B1E-83F9-B50477299774}.Release|x64.ActiveCfg = Release|x64
		{AEB73D39-8F98-4B1E-83F9-B50477299774}.Release|x64.Build.0 = Release|x64
		{AEB73D39-8F98-4B1E-83F9-B50477299774}.Release|x86.ActiveCfg = Release|Any CPU
		{AEB73D39-8F98-4B1E-83F9-B50477299774}.Release|x86.Build.0 = Release|Any CPU
		{65B2E45C-A9DB-4ED6-B019-EEA698F1974C}.Debug|Any CPU.ActiveCfg = Debug|Any CPU
		{65B2E45C-A9DB-4ED6-B019-EEA698F1974C}.Debug|Any CPU.Build.0 = Debug|Any CPU
		{65B2E45C-A9DB-4ED6-B019-EEA698F1974C}.Debug|x64.ActiveCfg = Debug|x64
		{65B2E45C-A9DB-4ED6-B019-EEA698F1974C}.Debug|x64.Build.0 = Debug|x64
		{65B2E45C-A9DB-4ED6-B019-EEA698F1974C}.Debug|x86.ActiveCfg = Debug|Any CPU
		{65B2E45C-A9DB-4ED6-B019-EEA698F1974C}.Debug|x86.Build.0 = Debug|Any CPU
		{65B2E45C-A9DB-4ED6-B019-EEA698F1974C}.Release|Any CPU.ActiveCfg = Release|Any CPU
		{65B2E45C-A9DB-4ED6-B019-EEA698F1974C}.Release|Any CPU.Build.0 = Release|Any CPU
		{65B2E45C-A9DB-4ED6-B019-EEA698F1974C}.Release|x64.ActiveCfg = Release|x64
		{65B2E45C-A9DB-4ED6-B019-EEA698F1974C}.Release|x64.Build.0 = Release|x64
		{65B2E45C-A9DB-4ED6-B019-EEA698F1974C}.Release|x86.ActiveCfg = Release|Any CPU
		{65B2E45C-A9DB-4ED6-B019-EEA698F1974C}.Release|x86.Build.0 = Release|Any CPU
		{A357694B-37A2-40B4-8F3C-537F19675612}.Debug|Any CPU.ActiveCfg = Debug|Any CPU
		{A357694B-37A2-40B4-8F3C-537F19675612}.Debug|Any CPU.Build.0 = Debug|Any CPU
		{A357694B-37A2-40B4-8F3C-537F19675612}.Debug|x64.ActiveCfg = Debug|x64
		{A357694B-37A2-40B4-8F3C-537F19675612}.Debug|x64.Build.0 = Debug|x64
		{A357694B-37A2-40B4-8F3C-537F19675612}.Debug|x86.ActiveCfg = Debug|Any CPU
		{A357694B-37A2-40B4-8F3C-537F19675612}.Debug|x86.Build.0 = Debug|Any CPU
		{A357694B-37A2-40B4-8F3C-537F19675612}.Release|Any CPU.ActiveCfg = Release|Any CPU
		{A357694B-37A2-40B4-8F3C-537F19675612}.Release|Any CPU.Build.0 = Release|Any CPU
		{A357694B-37A2-40B4-8F3C-537F19675612}.Release|x64.ActiveCfg = Release|x64
		{A357694B-37A2-40B4-8F3C-537F19675612}.Release|x64.Build.0 = Release|x64
		{A357694B-37A2-40B4-8F3C-537F19675612}.Release|x86.ActiveCfg = Release|Any CPU
		{A357694B-37A2-40B4-8F3C-537F19675612}.Release|x86.Build.0 = Release|Any CPU
		{37FD53F7-8A8F-4427-8FF4-6299E2933A7E}.Debug|Any CPU.ActiveCfg = Debug|Any CPU
		{37FD53F7-8A8F-4427-8FF4-6299E2933A7E}.Debug|Any CPU.Build.0 = Debug|Any CPU
		{37FD53F7-8A8F-4427-8FF4-6299E2933A7E}.Debug|x64.ActiveCfg = Debug|x64
		{37FD53F7-8A8F-4427-8FF4-6299E2933A7E}.Debug|x64.Build.0 = Debug|x64
		{37FD53F7-8A8F-4427-8FF4-6299E2933A7E}.Debug|x86.ActiveCfg = Debug|Any CPU
		{37FD53F7-8A8F-4427-8FF4-6299E2933A7E}.Debug|x86.Build.0 = Debug|Any CPU
		{37FD53F7-8A8F-4427-8FF4-6299E2933A7E}.Release|Any CPU.ActiveCfg = Release|Any CPU
		{37FD53F7-8A8F-4427-8FF4-6299E2933A7E}.Release|Any CPU.Build.0 = Release|Any CPU
		{37FD53F7-8A8F-4427-8FF4-6299E2933A7E}.Release|x64.ActiveCfg = Release|x64
		{37FD53F7-8A8F-4427-8FF4-6299E2933A7E}.Release|x64.Build.0 = Release|x64
		{37FD53F7-8A8F-4427-8FF4-6299E2933A7E}.Release|x86.ActiveCfg = Release|Any CPU
		{37FD53F7-8A8F-4427-8FF4-6299E2933A7E}.Release|x86.Build.0 = Release|Any CPU
		{87E61430-4243-45F2-B74E-0A4C096CEBF3}.Debug|Any CPU.ActiveCfg = Debug|Any CPU
		{87E61430-4243-45F2-B74E-0A4C096CEBF3}.Debug|Any CPU.Build.0 = Debug|Any CPU
		{87E61430-4243-45F2-B74E-0A4C096CEBF3}.Debug|x64.ActiveCfg = Debug|x64
		{87E61430-4243-45F2-B74E-0A4C096CEBF3}.Debug|x64.Build.0 = Debug|x64
		{87E61430-4243-45F2-B74E-0A4C096CEBF3}.Debug|x86.ActiveCfg = Debug|Any CPU
		{87E61430-4243-45F2-B74E-0A4C096CEBF3}.Debug|x86.Build.0 = Debug|Any CPU
		{87E61430-4243-45F2-B74E-0A4C096CEBF3}.Release|Any CPU.ActiveCfg = Release|Any CPU
		{87E61430-4243-45F2-B74E-0A4C096CEBF3}.Release|Any CPU.Build.0 = Release|Any CPU
		{87E61430-4243-45F2-B74E-0A4C096CEBF3}.Release|x64.ActiveCfg = Release|x64
		{87E61430-4243-45F2-B74E-0A4C096CEBF3}.Release|x64.Build.0 = Release|x64
		{87E61430-4243-45F2-B74E-0A4C096CEBF3}.Release|x86.ActiveCfg = Release|Any CPU
		{87E61430-4243-45F2-B74E-0A4C096CEBF3}.Release|x86.Build.0 = Release|Any CPU
		{3836F4A8-4B35-4F5E-BB0F-DAD374297525}.Debug|Any CPU.ActiveCfg = Debug|Any CPU
		{3836F4A8-4B35-4F5E-BB0F-DAD374297525}.Debug|Any CPU.Build.0 = Debug|Any CPU
		{3836F4A8-4B35-4F5E-BB0F-DAD374297525}.Debug|x64.ActiveCfg = Debug|x64
		{3836F4A8-4B35-4F5E-BB0F-DAD374297525}.Debug|x64.Build.0 = Debug|x64
		{3836F4A8-4B35-4F5E-BB0F-DAD374297525}.Debug|x86.ActiveCfg = Debug|Any CPU
		{3836F4A8-4B35-4F5E-BB0F-DAD374297525}.Debug|x86.Build.0 = Debug|Any CPU
		{3836F4A8-4B35-4F5E-BB0F-DAD374297525}.Release|Any CPU.ActiveCfg = Release|Any CPU
		{3836F4A8-4B35-4F5E-BB0F-DAD374297525}.Release|Any CPU.Build.0 = Release|Any CPU
		{3836F4A8-4B35-4F5E-BB0F-DAD374297525}.Release|x64.ActiveCfg = Release|x64
		{3836F4A8-4B35-4F5E-BB0F-DAD374297525}.Release|x64.Build.0 = Release|x64
		{3836F4A8-4B35-4F5E-BB0F-DAD374297525}.Release|x86.ActiveCfg = Release|Any CPU
		{3836F4A8-4B35-4F5E-BB0F-DAD374297525}.Release|x86.Build.0 = Release|Any CPU
		{482AD327-6622-412C-86FF-A6CC9D031626}.Debug|Any CPU.ActiveCfg = Debug|Any CPU
		{482AD327-6622-412C-86FF-A6CC9D031626}.Debug|Any CPU.Build.0 = Debug|Any CPU
		{482AD327-6622-412C-86FF-A6CC9D031626}.Debug|x64.ActiveCfg = Debug|x64
		{482AD327-6622-412C-86FF-A6CC9D031626}.Debug|x64.Build.0 = Debug|x64
		{482AD327-6622-412C-86FF-A6CC9D031626}.Debug|x86.ActiveCfg = Debug|Any CPU
		{482AD327-6622-412C-86FF-A6CC9D031626}.Debug|x86.Build.0 = Debug|Any CPU
		{482AD327-6622-412C-86FF-A6CC9D031626}.Release|Any CPU.ActiveCfg = Release|Any CPU
		{482AD327-6622-412C-86FF-A6CC9D031626}.Release|Any CPU.Build.0 = Release|Any CPU
		{482AD327-6622-412C-86FF-A6CC9D031626}.Release|x64.ActiveCfg = Release|x64
		{482AD327-6622-412C-86FF-A6CC9D031626}.Release|x64.Build.0 = Release|x64
		{482AD327-6622-412C-86FF-A6CC9D031626}.Release|x86.ActiveCfg = Release|Any CPU
		{482AD327-6622-412C-86FF-A6CC9D031626}.Release|x86.Build.0 = Release|Any CPU
		{7BBED9A3-66B6-4DC5-B7CB-349136274220}.Debug|Any CPU.ActiveCfg = Debug|Any CPU
		{7BBED9A3-66B6-4DC5-B7CB-349136274220}.Debug|Any CPU.Build.0 = Debug|Any CPU
		{7BBED9A3-66B6-4DC5-B7CB-349136274220}.Debug|x64.ActiveCfg = Debug|x64
		{7BBED9A3-66B6-4DC5-B7CB-349136274220}.Debug|x64.Build.0 = Debug|x64
		{7BBED9A3-66B6-4DC5-B7CB-349136274220}.Debug|x86.ActiveCfg = Debug|Any CPU
		{7BBED9A3-66B6-4DC5-B7CB-349136274220}.Debug|x86.Build.0 = Debug|Any CPU
		{7BBED9A3-66B6-4DC5-B7CB-349136274220}.Release|Any CPU.ActiveCfg = Release|Any CPU
		{7BBED9A3-66B6-4DC5-B7CB-349136274220}.Release|Any CPU.Build.0 = Release|Any CPU
		{7BBED9A3-66B6-4DC5-B7CB-349136274220}.Release|x64.ActiveCfg = Release|x64
		{7BBED9A3-66B6-4DC5-B7CB-349136274220}.Release|x64.Build.0 = Release|x64
		{7BBED9A3-66B6-4DC5-B7CB-349136274220}.Release|x86.ActiveCfg = Release|Any CPU
		{7BBED9A3-66B6-4DC5-B7CB-349136274220}.Release|x86.Build.0 = Release|Any CPU
		{5AA78AAE-9A61-428B-9013-E741EC8828D8}.Debug|Any CPU.ActiveCfg = Debug|Any CPU
		{5AA78AAE-9A61-428B-9013-E741EC8828D8}.Debug|Any CPU.Build.0 = Debug|Any CPU
		{5AA78AAE-9A61-428B-9013-E741EC8828D8}.Debug|x64.ActiveCfg = Debug|x64
		{5AA78AAE-9A61-428B-9013-E741EC8828D8}.Debug|x64.Build.0 = Debug|x64
		{5AA78AAE-9A61-428B-9013-E741EC8828D8}.Debug|x86.ActiveCfg = Debug|Any CPU
		{5AA78AAE-9A61-428B-9013-E741EC8828D8}.Debug|x86.Build.0 = Debug|Any CPU
		{5AA78AAE-9A61-428B-9013-E741EC8828D8}.Release|Any CPU.ActiveCfg = Release|Any CPU
		{5AA78AAE-9A61-428B-9013-E741EC8828D8}.Release|Any CPU.Build.0 = Release|Any CPU
		{5AA78AAE-9A61-428B-9013-E741EC8828D8}.Release|x64.ActiveCfg = Release|x64
		{5AA78AAE-9A61-428B-9013-E741EC8828D8}.Release|x64.Build.0 = Release|x64
		{5AA78AAE-9A61-428B-9013-E741EC8828D8}.Release|x86.ActiveCfg = Release|Any CPU
		{5AA78AAE-9A61-428B-9013-E741EC8828D8}.Release|x86.Build.0 = Release|Any CPU
		{8C21D7B5-5648-4498-AACA-65D5A5CC208E}.Debug|Any CPU.ActiveCfg = Debug|Any CPU
		{8C21D7B5-5648-4498-AACA-65D5A5CC208E}.Debug|Any CPU.Build.0 = Debug|Any CPU
		{8C21D7B5-5648-4498-AACA-65D5A5CC208E}.Debug|x64.ActiveCfg = Debug|x64
		{8C21D7B5-5648-4498-AACA-65D5A5CC208E}.Debug|x64.Build.0 = Debug|x64
		{8C21D7B5-5648-4498-AACA-65D5A5CC208E}.Debug|x86.ActiveCfg = Debug|Any CPU
		{8C21D7B5-5648-4498-AACA-65D5A5CC208E}.Debug|x86.Build.0 = Debug|Any CPU
		{8C21D7B5-5648-4498-AACA-65D5A5CC208E}.Release|Any CPU.ActiveCfg = Release|Any CPU
		{8C21D7B5-5648-4498-AACA-65D5A5CC208E}.Release|Any CPU.Build.0 = Release|Any CPU
		{8C21D7B5-5648-4498-AACA-65D5A5CC208E}.Release|x64.ActiveCfg = Release|x64
		{8C21D7B5-5648-4498-AACA-65D5A5CC208E}.Release|x64.Build.0 = Release|x64
		{8C21D7B5-5648-4498-AACA-65D5A5CC208E}.Release|x86.ActiveCfg = Release|Any CPU
		{8C21D7B5-5648-4498-AACA-65D5A5CC208E}.Release|x86.Build.0 = Release|Any CPU
		{C825F40A-D2AD-4F92-9E1D-3730870474DF}.Debug|Any CPU.ActiveCfg = Debug|Any CPU
		{C825F40A-D2AD-4F92-9E1D-3730870474DF}.Debug|Any CPU.Build.0 = Debug|Any CPU
		{C825F40A-D2AD-4F92-9E1D-3730870474DF}.Debug|x64.ActiveCfg = Debug|x64
		{C825F40A-D2AD-4F92-9E1D-3730870474DF}.Debug|x64.Build.0 = Debug|x64
		{C825F40A-D2AD-4F92-9E1D-3730870474DF}.Debug|x86.ActiveCfg = Debug|Any CPU
		{C825F40A-D2AD-4F92-9E1D-3730870474DF}.Debug|x86.Build.0 = Debug|Any CPU
		{C825F40A-D2AD-4F92-9E1D-3730870474DF}.Release|Any CPU.ActiveCfg = Release|Any CPU
		{C825F40A-D2AD-4F92-9E1D-3730870474DF}.Release|Any CPU.Build.0 = Release|Any CPU
		{C825F40A-D2AD-4F92-9E1D-3730870474DF}.Release|x64.ActiveCfg = Release|x64
		{C825F40A-D2AD-4F92-9E1D-3730870474DF}.Release|x64.Build.0 = Release|x64
		{C825F40A-D2AD-4F92-9E1D-3730870474DF}.Release|x86.ActiveCfg = Release|Any CPU
		{C825F40A-D2AD-4F92-9E1D-3730870474DF}.Release|x86.Build.0 = Release|Any CPU
		{0AF5A167-A167-4640-AB2B-449DA14A5EFD}.Debug|Any CPU.ActiveCfg = Debug|Any CPU
		{0AF5A167-A167-4640-AB2B-449DA14A5EFD}.Debug|Any CPU.Build.0 = Debug|Any CPU
		{0AF5A167-A167-4640-AB2B-449DA14A5EFD}.Debug|x64.ActiveCfg = Debug|Any CPU
		{0AF5A167-A167-4640-AB2B-449DA14A5EFD}.Debug|x64.Build.0 = Debug|Any CPU
		{0AF5A167-A167-4640-AB2B-449DA14A5EFD}.Debug|x86.ActiveCfg = Debug|Any CPU
		{0AF5A167-A167-4640-AB2B-449DA14A5EFD}.Debug|x86.Build.0 = Debug|Any CPU
		{0AF5A167-A167-4640-AB2B-449DA14A5EFD}.Release|Any CPU.ActiveCfg = Release|Any CPU
		{0AF5A167-A167-4640-AB2B-449DA14A5EFD}.Release|Any CPU.Build.0 = Release|Any CPU
		{0AF5A167-A167-4640-AB2B-449DA14A5EFD}.Release|x64.ActiveCfg = Release|Any CPU
		{0AF5A167-A167-4640-AB2B-449DA14A5EFD}.Release|x64.Build.0 = Release|Any CPU
		{0AF5A167-A167-4640-AB2B-449DA14A5EFD}.Release|x86.ActiveCfg = Release|Any CPU
		{0AF5A167-A167-4640-AB2B-449DA14A5EFD}.Release|x86.Build.0 = Release|Any CPU
		{F09D6BA6-E4A3-4510-A203-9684598036BE}.Debug|Any CPU.ActiveCfg = Debug|Any CPU
		{F09D6BA6-E4A3-4510-A203-9684598036BE}.Debug|Any CPU.Build.0 = Debug|Any CPU
		{F09D6BA6-E4A3-4510-A203-9684598036BE}.Debug|x64.ActiveCfg = Debug|Any CPU
		{F09D6BA6-E4A3-4510-A203-9684598036BE}.Debug|x64.Build.0 = Debug|Any CPU
		{F09D6BA6-E4A3-4510-A203-9684598036BE}.Debug|x86.ActiveCfg = Debug|Any CPU
		{F09D6BA6-E4A3-4510-A203-9684598036BE}.Debug|x86.Build.0 = Debug|Any CPU
		{F09D6BA6-E4A3-4510-A203-9684598036BE}.Release|Any CPU.ActiveCfg = Release|Any CPU
		{F09D6BA6-E4A3-4510-A203-9684598036BE}.Release|Any CPU.Build.0 = Release|Any CPU
		{F09D6BA6-E4A3-4510-A203-9684598036BE}.Release|x64.ActiveCfg = Release|Any CPU
		{F09D6BA6-E4A3-4510-A203-9684598036BE}.Release|x64.Build.0 = Release|Any CPU
		{F09D6BA6-E4A3-4510-A203-9684598036BE}.Release|x86.ActiveCfg = Release|Any CPU
		{F09D6BA6-E4A3-4510-A203-9684598036BE}.Release|x86.Build.0 = Release|Any CPU
		{8F505DC6-8248-4F03-A874-510D7D824D0E}.Debug|Any CPU.ActiveCfg = Debug|Any CPU
		{8F505DC6-8248-4F03-A874-510D7D824D0E}.Debug|Any CPU.Build.0 = Debug|Any CPU
		{8F505DC6-8248-4F03-A874-510D7D824D0E}.Debug|x64.ActiveCfg = Debug|Any CPU
		{8F505DC6-8248-4F03-A874-510D7D824D0E}.Debug|x64.Build.0 = Debug|Any CPU
		{8F505DC6-8248-4F03-A874-510D7D824D0E}.Debug|x86.ActiveCfg = Debug|Any CPU
		{8F505DC6-8248-4F03-A874-510D7D824D0E}.Debug|x86.Build.0 = Debug|Any CPU
		{8F505DC6-8248-4F03-A874-510D7D824D0E}.Release|Any CPU.ActiveCfg = Release|Any CPU
		{8F505DC6-8248-4F03-A874-510D7D824D0E}.Release|Any CPU.Build.0 = Release|Any CPU
		{8F505DC6-8248-4F03-A874-510D7D824D0E}.Release|x64.ActiveCfg = Release|Any CPU
		{8F505DC6-8248-4F03-A874-510D7D824D0E}.Release|x64.Build.0 = Release|Any CPU
		{8F505DC6-8248-4F03-A874-510D7D824D0E}.Release|x86.ActiveCfg = Release|Any CPU
		{8F505DC6-8248-4F03-A874-510D7D824D0E}.Release|x86.Build.0 = Release|Any CPU
		{AB4C0C04-7117-4A82-83BB-EC2527F1E112}.Debug|Any CPU.ActiveCfg = Debug|Any CPU
		{AB4C0C04-7117-4A82-83BB-EC2527F1E112}.Debug|Any CPU.Build.0 = Debug|Any CPU
		{AB4C0C04-7117-4A82-83BB-EC2527F1E112}.Debug|x64.ActiveCfg = Debug|Any CPU
		{AB4C0C04-7117-4A82-83BB-EC2527F1E112}.Debug|x64.Build.0 = Debug|Any CPU
		{AB4C0C04-7117-4A82-83BB-EC2527F1E112}.Debug|x86.ActiveCfg = Debug|Any CPU
		{AB4C0C04-7117-4A82-83BB-EC2527F1E112}.Debug|x86.Build.0 = Debug|Any CPU
		{AB4C0C04-7117-4A82-83BB-EC2527F1E112}.Release|Any CPU.ActiveCfg = Release|Any CPU
		{AB4C0C04-7117-4A82-83BB-EC2527F1E112}.Release|Any CPU.Build.0 = Release|Any CPU
		{AB4C0C04-7117-4A82-83BB-EC2527F1E112}.Release|x64.ActiveCfg = Release|Any CPU
		{AB4C0C04-7117-4A82-83BB-EC2527F1E112}.Release|x64.Build.0 = Release|Any CPU
		{AB4C0C04-7117-4A82-83BB-EC2527F1E112}.Release|x86.ActiveCfg = Release|Any CPU
		{AB4C0C04-7117-4A82-83BB-EC2527F1E112}.Release|x86.Build.0 = Release|Any CPU
		{80CF7587-57C5-42F9-BD7F-D5B1E69A36B6}.Debug|Any CPU.ActiveCfg = Debug|Any CPU
		{80CF7587-57C5-42F9-BD7F-D5B1E69A36B6}.Debug|Any CPU.Build.0 = Debug|Any CPU
		{80CF7587-57C5-42F9-BD7F-D5B1E69A36B6}.Debug|x64.ActiveCfg = Debug|Any CPU
		{80CF7587-57C5-42F9-BD7F-D5B1E69A36B6}.Debug|x64.Build.0 = Debug|Any CPU
		{80CF7587-57C5-42F9-BD7F-D5B1E69A36B6}.Debug|x86.ActiveCfg = Debug|Any CPU
		{80CF7587-57C5-42F9-BD7F-D5B1E69A36B6}.Debug|x86.Build.0 = Debug|Any CPU
		{80CF7587-57C5-42F9-BD7F-D5B1E69A36B6}.Release|Any CPU.ActiveCfg = Release|Any CPU
		{80CF7587-57C5-42F9-BD7F-D5B1E69A36B6}.Release|Any CPU.Build.0 = Release|Any CPU
		{80CF7587-57C5-42F9-BD7F-D5B1E69A36B6}.Release|x64.ActiveCfg = Release|Any CPU
		{80CF7587-57C5-42F9-BD7F-D5B1E69A36B6}.Release|x64.Build.0 = Release|Any CPU
		{80CF7587-57C5-42F9-BD7F-D5B1E69A36B6}.Release|x86.ActiveCfg = Release|Any CPU
		{80CF7587-57C5-42F9-BD7F-D5B1E69A36B6}.Release|x86.Build.0 = Release|Any CPU
		{30332B35-9BA2-4ADC-BED4-299D992F9F09}.Debug|Any CPU.ActiveCfg = Debug|Any CPU
		{30332B35-9BA2-4ADC-BED4-299D992F9F09}.Debug|Any CPU.Build.0 = Debug|Any CPU
		{30332B35-9BA2-4ADC-BED4-299D992F9F09}.Debug|x64.ActiveCfg = Debug|Any CPU
		{30332B35-9BA2-4ADC-BED4-299D992F9F09}.Debug|x64.Build.0 = Debug|Any CPU
		{30332B35-9BA2-4ADC-BED4-299D992F9F09}.Debug|x86.ActiveCfg = Debug|Any CPU
		{30332B35-9BA2-4ADC-BED4-299D992F9F09}.Debug|x86.Build.0 = Debug|Any CPU
		{30332B35-9BA2-4ADC-BED4-299D992F9F09}.Release|Any CPU.ActiveCfg = Release|Any CPU
		{30332B35-9BA2-4ADC-BED4-299D992F9F09}.Release|Any CPU.Build.0 = Release|Any CPU
		{30332B35-9BA2-4ADC-BED4-299D992F9F09}.Release|x64.ActiveCfg = Release|Any CPU
		{30332B35-9BA2-4ADC-BED4-299D992F9F09}.Release|x64.Build.0 = Release|Any CPU
		{30332B35-9BA2-4ADC-BED4-299D992F9F09}.Release|x86.ActiveCfg = Release|Any CPU
		{30332B35-9BA2-4ADC-BED4-299D992F9F09}.Release|x86.Build.0 = Release|Any CPU
		{C1E2C69A-94B3-4F48-B0DC-78EE7AB16C59}.Debug|Any CPU.ActiveCfg = Debug|Any CPU
		{C1E2C69A-94B3-4F48-B0DC-78EE7AB16C59}.Debug|Any CPU.Build.0 = Debug|Any CPU
		{C1E2C69A-94B3-4F48-B0DC-78EE7AB16C59}.Debug|x64.ActiveCfg = Debug|Any CPU
		{C1E2C69A-94B3-4F48-B0DC-78EE7AB16C59}.Debug|x64.Build.0 = Debug|Any CPU
		{C1E2C69A-94B3-4F48-B0DC-78EE7AB16C59}.Debug|x86.ActiveCfg = Debug|Any CPU
		{C1E2C69A-94B3-4F48-B0DC-78EE7AB16C59}.Debug|x86.Build.0 = Debug|Any CPU
		{C1E2C69A-94B3-4F48-B0DC-78EE7AB16C59}.Release|Any CPU.ActiveCfg = Release|Any CPU
		{C1E2C69A-94B3-4F48-B0DC-78EE7AB16C59}.Release|Any CPU.Build.0 = Release|Any CPU
		{C1E2C69A-94B3-4F48-B0DC-78EE7AB16C59}.Release|x64.ActiveCfg = Release|Any CPU
		{C1E2C69A-94B3-4F48-B0DC-78EE7AB16C59}.Release|x64.Build.0 = Release|Any CPU
		{C1E2C69A-94B3-4F48-B0DC-78EE7AB16C59}.Release|x86.ActiveCfg = Release|Any CPU
		{C1E2C69A-94B3-4F48-B0DC-78EE7AB16C59}.Release|x86.Build.0 = Release|Any CPU
		{BD16F3F9-EC85-4111-8DB5-EC9D7DEF764B}.Debug|Any CPU.ActiveCfg = Debug|Any CPU
		{BD16F3F9-EC85-4111-8DB5-EC9D7DEF764B}.Debug|Any CPU.Build.0 = Debug|Any CPU
		{BD16F3F9-EC85-4111-8DB5-EC9D7DEF764B}.Debug|x64.ActiveCfg = Debug|Any CPU
		{BD16F3F9-EC85-4111-8DB5-EC9D7DEF764B}.Debug|x64.Build.0 = Debug|Any CPU
		{BD16F3F9-EC85-4111-8DB5-EC9D7DEF764B}.Debug|x86.ActiveCfg = Debug|Any CPU
		{BD16F3F9-EC85-4111-8DB5-EC9D7DEF764B}.Debug|x86.Build.0 = Debug|Any CPU
		{BD16F3F9-EC85-4111-8DB5-EC9D7DEF764B}.Release|Any CPU.ActiveCfg = Release|Any CPU
		{BD16F3F9-EC85-4111-8DB5-EC9D7DEF764B}.Release|Any CPU.Build.0 = Release|Any CPU
		{BD16F3F9-EC85-4111-8DB5-EC9D7DEF764B}.Release|x64.ActiveCfg = Release|Any CPU
		{BD16F3F9-EC85-4111-8DB5-EC9D7DEF764B}.Release|x64.Build.0 = Release|Any CPU
		{BD16F3F9-EC85-4111-8DB5-EC9D7DEF764B}.Release|x86.ActiveCfg = Release|Any CPU
		{BD16F3F9-EC85-4111-8DB5-EC9D7DEF764B}.Release|x86.Build.0 = Release|Any CPU
		{1C3A03CA-5E55-4CC4-9746-194A4188960A}.Debug|Any CPU.ActiveCfg = Debug|Any CPU
		{1C3A03CA-5E55-4CC4-9746-194A4188960A}.Debug|Any CPU.Build.0 = Debug|Any CPU
		{1C3A03CA-5E55-4CC4-9746-194A4188960A}.Debug|x64.ActiveCfg = Debug|Any CPU
		{1C3A03CA-5E55-4CC4-9746-194A4188960A}.Debug|x64.Build.0 = Debug|Any CPU
		{1C3A03CA-5E55-4CC4-9746-194A4188960A}.Debug|x86.ActiveCfg = Debug|Any CPU
		{1C3A03CA-5E55-4CC4-9746-194A4188960A}.Debug|x86.Build.0 = Debug|Any CPU
		{1C3A03CA-5E55-4CC4-9746-194A4188960A}.Release|Any CPU.ActiveCfg = Release|Any CPU
		{1C3A03CA-5E55-4CC4-9746-194A4188960A}.Release|Any CPU.Build.0 = Release|Any CPU
		{1C3A03CA-5E55-4CC4-9746-194A4188960A}.Release|x64.ActiveCfg = Release|Any CPU
		{1C3A03CA-5E55-4CC4-9746-194A4188960A}.Release|x64.Build.0 = Release|Any CPU
		{1C3A03CA-5E55-4CC4-9746-194A4188960A}.Release|x86.ActiveCfg = Release|Any CPU
		{1C3A03CA-5E55-4CC4-9746-194A4188960A}.Release|x86.Build.0 = Release|Any CPU
		{16B9C295-6B3A-4E4F-996A-5149A15632D6}.Debug|Any CPU.ActiveCfg = Debug|Any CPU
		{16B9C295-6B3A-4E4F-996A-5149A15632D6}.Debug|Any CPU.Build.0 = Debug|Any CPU
		{16B9C295-6B3A-4E4F-996A-5149A15632D6}.Debug|x64.ActiveCfg = Debug|Any CPU
		{16B9C295-6B3A-4E4F-996A-5149A15632D6}.Debug|x64.Build.0 = Debug|Any CPU
		{16B9C295-6B3A-4E4F-996A-5149A15632D6}.Debug|x86.ActiveCfg = Debug|Any CPU
		{16B9C295-6B3A-4E4F-996A-5149A15632D6}.Debug|x86.Build.0 = Debug|Any CPU
		{16B9C295-6B3A-4E4F-996A-5149A15632D6}.Release|Any CPU.ActiveCfg = Release|Any CPU
		{16B9C295-6B3A-4E4F-996A-5149A15632D6}.Release|Any CPU.Build.0 = Release|Any CPU
		{16B9C295-6B3A-4E4F-996A-5149A15632D6}.Release|x64.ActiveCfg = Release|Any CPU
		{16B9C295-6B3A-4E4F-996A-5149A15632D6}.Release|x64.Build.0 = Release|Any CPU
		{16B9C295-6B3A-4E4F-996A-5149A15632D6}.Release|x86.ActiveCfg = Release|Any CPU
		{16B9C295-6B3A-4E4F-996A-5149A15632D6}.Release|x86.Build.0 = Release|Any CPU
		{A7AFA538-9C06-475B-BE31-3931BE9258A5}.Debug|Any CPU.ActiveCfg = Debug|Any CPU
		{A7AFA538-9C06-475B-BE31-3931BE9258A5}.Debug|Any CPU.Build.0 = Debug|Any CPU
		{A7AFA538-9C06-475B-BE31-3931BE9258A5}.Debug|x64.ActiveCfg = Debug|Any CPU
		{A7AFA538-9C06-475B-BE31-3931BE9258A5}.Debug|x64.Build.0 = Debug|Any CPU
		{A7AFA538-9C06-475B-BE31-3931BE9258A5}.Debug|x86.ActiveCfg = Debug|Any CPU
		{A7AFA538-9C06-475B-BE31-3931BE9258A5}.Debug|x86.Build.0 = Debug|Any CPU
		{A7AFA538-9C06-475B-BE31-3931BE9258A5}.Release|Any CPU.ActiveCfg = Release|Any CPU
		{A7AFA538-9C06-475B-BE31-3931BE9258A5}.Release|Any CPU.Build.0 = Release|Any CPU
		{A7AFA538-9C06-475B-BE31-3931BE9258A5}.Release|x64.ActiveCfg = Release|Any CPU
		{A7AFA538-9C06-475B-BE31-3931BE9258A5}.Release|x64.Build.0 = Release|Any CPU
		{A7AFA538-9C06-475B-BE31-3931BE9258A5}.Release|x86.ActiveCfg = Release|Any CPU
		{A7AFA538-9C06-475B-BE31-3931BE9258A5}.Release|x86.Build.0 = Release|Any CPU
		{30962CD2-EEB1-4646-9529-EDCC0A1477D5}.Debug|Any CPU.ActiveCfg = Debug|Any CPU
		{30962CD2-EEB1-4646-9529-EDCC0A1477D5}.Debug|Any CPU.Build.0 = Debug|Any CPU
		{30962CD2-EEB1-4646-9529-EDCC0A1477D5}.Debug|x64.ActiveCfg = Debug|Any CPU
		{30962CD2-EEB1-4646-9529-EDCC0A1477D5}.Debug|x64.Build.0 = Debug|Any CPU
		{30962CD2-EEB1-4646-9529-EDCC0A1477D5}.Debug|x86.ActiveCfg = Debug|Any CPU
		{30962CD2-EEB1-4646-9529-EDCC0A1477D5}.Debug|x86.Build.0 = Debug|Any CPU
		{30962CD2-EEB1-4646-9529-EDCC0A1477D5}.Release|Any CPU.ActiveCfg = Release|Any CPU
		{30962CD2-EEB1-4646-9529-EDCC0A1477D5}.Release|Any CPU.Build.0 = Release|Any CPU
		{30962CD2-EEB1-4646-9529-EDCC0A1477D5}.Release|x64.ActiveCfg = Release|Any CPU
		{30962CD2-EEB1-4646-9529-EDCC0A1477D5}.Release|x64.Build.0 = Release|Any CPU
		{30962CD2-EEB1-4646-9529-EDCC0A1477D5}.Release|x86.ActiveCfg = Release|Any CPU
		{30962CD2-EEB1-4646-9529-EDCC0A1477D5}.Release|x86.Build.0 = Release|Any CPU
		{B1BE89FB-8831-4942-88F2-0FED17A8FCEE}.Debug|Any CPU.ActiveCfg = Debug|Any CPU
		{B1BE89FB-8831-4942-88F2-0FED17A8FCEE}.Debug|Any CPU.Build.0 = Debug|Any CPU
		{B1BE89FB-8831-4942-88F2-0FED17A8FCEE}.Debug|x64.ActiveCfg = Debug|x64
		{B1BE89FB-8831-4942-88F2-0FED17A8FCEE}.Debug|x64.Build.0 = Debug|x64
		{B1BE89FB-8831-4942-88F2-0FED17A8FCEE}.Debug|x86.ActiveCfg = Debug|x86
		{B1BE89FB-8831-4942-88F2-0FED17A8FCEE}.Debug|x86.Build.0 = Debug|x86
		{B1BE89FB-8831-4942-88F2-0FED17A8FCEE}.Release|Any CPU.ActiveCfg = Release|Any CPU
		{B1BE89FB-8831-4942-88F2-0FED17A8FCEE}.Release|Any CPU.Build.0 = Release|Any CPU
		{B1BE89FB-8831-4942-88F2-0FED17A8FCEE}.Release|x64.ActiveCfg = Release|x64
		{B1BE89FB-8831-4942-88F2-0FED17A8FCEE}.Release|x64.Build.0 = Release|x64
		{B1BE89FB-8831-4942-88F2-0FED17A8FCEE}.Release|x86.ActiveCfg = Release|x86
		{B1BE89FB-8831-4942-88F2-0FED17A8FCEE}.Release|x86.Build.0 = Release|x86
	EndGlobalSection
	GlobalSection(SolutionProperties) = preSolution
		HideSolutionNode = FALSE
	EndGlobalSection
	GlobalSection(NestedProjects) = preSolution
		{3A6581B3-94D2-47D0-B4AF-E182D15EBBBE} = {C95CC162-F5D2-4ACA-AC7C-74CA2B46FFB8}
		{0D4AA995-C390-421A-8A5B-8B1D2C492461} = {C95CC162-F5D2-4ACA-AC7C-74CA2B46FFB8}
		{AEB73D39-8F98-4B1E-83F9-B50477299774} = {C95CC162-F5D2-4ACA-AC7C-74CA2B46FFB8}
		{65B2E45C-A9DB-4ED6-B019-EEA698F1974C} = {C95CC162-F5D2-4ACA-AC7C-74CA2B46FFB8}
		{87E61430-4243-45F2-B74E-0A4C096CEBF3} = {C95CC162-F5D2-4ACA-AC7C-74CA2B46FFB8}
		{3836F4A8-4B35-4F5E-BB0F-DAD374297525} = {C95CC162-F5D2-4ACA-AC7C-74CA2B46FFB8}
		{482AD327-6622-412C-86FF-A6CC9D031626} = {C95CC162-F5D2-4ACA-AC7C-74CA2B46FFB8}
		{7BBED9A3-66B6-4DC5-B7CB-349136274220} = {C95CC162-F5D2-4ACA-AC7C-74CA2B46FFB8}
		{5AA78AAE-9A61-428B-9013-E741EC8828D8} = {C95CC162-F5D2-4ACA-AC7C-74CA2B46FFB8}
		{8C21D7B5-5648-4498-AACA-65D5A5CC208E} = {C95CC162-F5D2-4ACA-AC7C-74CA2B46FFB8}
		{C825F40A-D2AD-4F92-9E1D-3730870474DF} = {C95CC162-F5D2-4ACA-AC7C-74CA2B46FFB8}
		{0AF5A167-A167-4640-AB2B-449DA14A5EFD} = {C95CC162-F5D2-4ACA-AC7C-74CA2B46FFB8}
		{F09D6BA6-E4A3-4510-A203-9684598036BE} = {C95CC162-F5D2-4ACA-AC7C-74CA2B46FFB8}
		{8F505DC6-8248-4F03-A874-510D7D824D0E} = {C95CC162-F5D2-4ACA-AC7C-74CA2B46FFB8}
		{AB4C0C04-7117-4A82-83BB-EC2527F1E112} = {C95CC162-F5D2-4ACA-AC7C-74CA2B46FFB8}
		{80CF7587-57C5-42F9-BD7F-D5B1E69A36B6} = {C95CC162-F5D2-4ACA-AC7C-74CA2B46FFB8}
		{C1E2C69A-94B3-4F48-B0DC-78EE7AB16C59} = {C95CC162-F5D2-4ACA-AC7C-74CA2B46FFB8}
		{BD16F3F9-EC85-4111-8DB5-EC9D7DEF764B} = {C95CC162-F5D2-4ACA-AC7C-74CA2B46FFB8}
		{1C3A03CA-5E55-4CC4-9746-194A4188960A} = {C95CC162-F5D2-4ACA-AC7C-74CA2B46FFB8}
		{16B9C295-6B3A-4E4F-996A-5149A15632D6} = {C95CC162-F5D2-4ACA-AC7C-74CA2B46FFB8}
		{A7AFA538-9C06-475B-BE31-3931BE9258A5} = {C95CC162-F5D2-4ACA-AC7C-74CA2B46FFB8}
	EndGlobalSection
	GlobalSection(ExtensibilityGlobals) = postSolution
		SolutionGuid = {B78E2C28-353F-4A8B-B776-F2FE4323CBC0}
	EndGlobalSection
EndGlobal
